// !$*UTF8*$!
{
	archiveVersion = 1;
	classes = {
	};
	objectVersion = 46;
	objects = {

/* Begin PBXBuildFile section */
		7944B6BA1F167A6000C1E615 /* AppDelegate.swift in Sources */ = {isa = PBXBuildFile; fileRef = 7944B6B91F167A6000C1E615 /* AppDelegate.swift */; };
		7944B6BC1F167A6000C1E615 /* ViewController.swift in Sources */ = {isa = PBXBuildFile; fileRef = 7944B6BB1F167A6000C1E615 /* ViewController.swift */; };
		7944B6BF1F167A6000C1E615 /* Main.storyboard in Resources */ = {isa = PBXBuildFile; fileRef = 7944B6BD1F167A6000C1E615 /* Main.storyboard */; };
		7944B6C11F167A6000C1E615 /* Assets.xcassets in Resources */ = {isa = PBXBuildFile; fileRef = 7944B6C01F167A6000C1E615 /* Assets.xcassets */; };
		7944B6C41F167A6000C1E615 /* LaunchScreen.storyboard in Resources */ = {isa = PBXBuildFile; fileRef = 7944B6C21F167A6000C1E615 /* LaunchScreen.storyboard */; };
		7944B7031F167B2A00C1E615 /* DatabaseManager.swift in Sources */ = {isa = PBXBuildFile; fileRef = 7944B7021F167B2A00C1E615 /* DatabaseManager.swift */; };
		7947D53B1F2746EC006861DF /* SQLite.framework in Frameworks */ = {isa = PBXBuildFile; fileRef = 7947D52A1F2746CF006861DF /* SQLite.framework */; };
		7947D53C1F2746EC006861DF /* SQLite.framework in Embed Frameworks */ = {isa = PBXBuildFile; fileRef = 7947D52A1F2746CF006861DF /* SQLite.framework */; settings = {ATTRIBUTES = (CodeSignOnCopy, RemoveHeadersOnCopy, ); }; };
/* End PBXBuildFile section */

/* Begin PBXContainerItemProxy section */
		7947D5291F2746CF006861DF /* PBXContainerItemProxy */ = {
			isa = PBXContainerItemProxy;
			containerPortal = 7947D51F1F2746CE006861DF /* SQLite.xcodeproj */;
			proxyType = 2;
			remoteGlobalIDString = EE247AD31C3F04ED00AE3E12;
			remoteInfo = "SQLite iOS";
		};
		7947D52B1F2746CF006861DF /* PBXContainerItemProxy */ = {
			isa = PBXContainerItemProxy;
			containerPortal = 7947D51F1F2746CE006861DF /* SQLite.xcodeproj */;
			proxyType = 2;
			remoteGlobalIDString = EE247ADD1C3F04ED00AE3E12;
			remoteInfo = "SQLiteTests iOS";
		};
		7947D52D1F2746CF006861DF /* PBXContainerItemProxy */ = {
			isa = PBXContainerItemProxy;
			containerPortal = 7947D51F1F2746CE006861DF /* SQLite.xcodeproj */;
			proxyType = 2;
			remoteGlobalIDString = EE247B3C1C3F3ED000AE3E12;
			remoteInfo = "SQLite Mac";
		};
		7947D52F1F2746CF006861DF /* PBXContainerItemProxy */ = {
			isa = PBXContainerItemProxy;
			containerPortal = 7947D51F1F2746CE006861DF /* SQLite.xcodeproj */;
			proxyType = 2;
			remoteGlobalIDString = EE247B451C3F3ED000AE3E12;
			remoteInfo = "SQLiteTests Mac";
		};
		7947D5311F2746CF006861DF /* PBXContainerItemProxy */ = {
			isa = PBXContainerItemProxy;
			containerPortal = 7947D51F1F2746CE006861DF /* SQLite.xcodeproj */;
			proxyType = 2;
			remoteGlobalIDString = 03A65E5A1C6BB0F50062603F;
			remoteInfo = "SQLite tvOS";
		};
		7947D5331F2746CF006861DF /* PBXContainerItemProxy */ = {
			isa = PBXContainerItemProxy;
			containerPortal = 7947D51F1F2746CE006861DF /* SQLite.xcodeproj */;
			proxyType = 2;
			remoteGlobalIDString = 03A65E631C6BB0F60062603F;
			remoteInfo = "SQLiteTests tvOS";
		};
		7947D5351F2746CF006861DF /* PBXContainerItemProxy */ = {
			isa = PBXContainerItemProxy;
			containerPortal = 7947D51F1F2746CE006861DF /* SQLite.xcodeproj */;
			proxyType = 2;
			remoteGlobalIDString = A121AC451CA35C79005A31D1;
			remoteInfo = "SQLite watchOS";
		};
		7947D53D1F2746EC006861DF /* PBXContainerItemProxy */ = {
			isa = PBXContainerItemProxy;
			containerPortal = 7947D51F1F2746CE006861DF /* SQLite.xcodeproj */;
			proxyType = 1;
			remoteGlobalIDString = EE247AD21C3F04ED00AE3E12;
			remoteInfo = "SQLite iOS";
		};
/* End PBXContainerItemProxy section */

/* Begin PBXCopyFilesBuildPhase section */
		7947D53F1F2746ED006861DF /* Embed Frameworks */ = {
			isa = PBXCopyFilesBuildPhase;
			buildActionMask = 2147483647;
			dstPath = "";
			dstSubfolderSpec = 10;
			files = (
				7947D53C1F2746EC006861DF /* SQLite.framework in Embed Frameworks */,
			);
			name = "Embed Frameworks";
			runOnlyForDeploymentPostprocessing = 0;
		};
/* End PBXCopyFilesBuildPhase section */

/* Begin PBXFileReference section */
		7944B6B61F167A6000C1E615 /* movies.app */ = {isa = PBXFileReference; explicitFileType = wrapper.application; includeInIndex = 0; path = movies.app; sourceTree = BUILT_PRODUCTS_DIR; };
		7944B6B91F167A6000C1E615 /* AppDelegate.swift */ = {isa = PBXFileReference; lastKnownFileType = sourcecode.swift; path = AppDelegate.swift; sourceTree = "<group>"; };
		7944B6BB1F167A6000C1E615 /* ViewController.swift */ = {isa = PBXFileReference; lastKnownFileType = sourcecode.swift; path = ViewController.swift; sourceTree = "<group>"; };
		7944B6BE1F167A6000C1E615 /* Base */ = {isa = PBXFileReference; lastKnownFileType = file.storyboard; name = Base; path = Base.lproj/Main.storyboard; sourceTree = "<group>"; };
		7944B6C01F167A6000C1E615 /* Assets.xcassets */ = {isa = PBXFileReference; lastKnownFileType = folder.assetcatalog; path = Assets.xcassets; sourceTree = "<group>"; };
		7944B6C31F167A6000C1E615 /* Base */ = {isa = PBXFileReference; lastKnownFileType = file.storyboard; name = Base; path = Base.lproj/LaunchScreen.storyboard; sourceTree = "<group>"; };
		7944B6C51F167A6000C1E615 /* Info.plist */ = {isa = PBXFileReference; lastKnownFileType = text.plist.xml; path = Info.plist; sourceTree = "<group>"; };
		7944B7021F167B2A00C1E615 /* DatabaseManager.swift */ = {isa = PBXFileReference; fileEncoding = 4; lastKnownFileType = sourcecode.swift; path = DatabaseManager.swift; sourceTree = "<group>"; };
		7947D51F1F2746CE006861DF /* SQLite.xcodeproj */ = {isa = PBXFileReference; lastKnownFileType = "wrapper.pb-project"; name = SQLite.xcodeproj; path = SQLite.swift/SQLite.xcodeproj; sourceTree = "<group>"; };
/* End PBXFileReference section */

/* Begin PBXFrameworksBuildPhase section */
		7944B6B31F167A6000C1E615 /* Frameworks */ = {
			isa = PBXFrameworksBuildPhase;
			buildActionMask = 2147483647;
			files = (
				7947D53B1F2746EC006861DF /* SQLite.framework in Frameworks */,
			);
			runOnlyForDeploymentPostprocessing = 0;
		};
/* End PBXFrameworksBuildPhase section */

/* Begin PBXGroup section */
		7944B6AD1F167A6000C1E615 = {
			isa = PBXGroup;
			children = (
				7947D51F1F2746CE006861DF /* SQLite.xcodeproj */,
				7944B6B81F167A6000C1E615 /* movies */,
				7944B6B71F167A6000C1E615 /* Products */,
			);
			sourceTree = "<group>";
		};
		7944B6B71F167A6000C1E615 /* Products */ = {
			isa = PBXGroup;
			children = (
				7944B6B61F167A6000C1E615 /* movies.app */,
			);
			name = Products;
			sourceTree = "<group>";
		};
		7944B6B81F167A6000C1E615 /* movies */ = {
			isa = PBXGroup;
			children = (
				7944B7011F167B1500C1E615 /* Database */,
				7944B6B91F167A6000C1E615 /* AppDelegate.swift */,
				7944B6BB1F167A6000C1E615 /* ViewController.swift */,
				7944B6BD1F167A6000C1E615 /* Main.storyboard */,
				7944B6C01F167A6000C1E615 /* Assets.xcassets */,
				7944B6C21F167A6000C1E615 /* LaunchScreen.storyboard */,
				7944B6C51F167A6000C1E615 /* Info.plist */,
			);
			path = movies;
			sourceTree = "<group>";
		};
		7944B7011F167B1500C1E615 /* Database */ = {
			isa = PBXGroup;
			children = (
				7944B7021F167B2A00C1E615 /* DatabaseManager.swift */,
			);
			path = Database;
			sourceTree = "<group>";
		};
		7947D5201F2746CE006861DF /* Products */ = {
			isa = PBXGroup;
			children = (
				7947D52A1F2746CF006861DF /* SQLite.framework */,
				7947D52C1F2746CF006861DF /* SQLiteTests iOS.xctest */,
				7947D52E1F2746CF006861DF /* SQLite.framework */,
				7947D5301F2746CF006861DF /* SQLiteTests Mac.xctest */,
				7947D5321F2746CF006861DF /* SQLite.framework */,
				7947D5341F2746CF006861DF /* SQLiteTests tvOS.xctest */,
				7947D5361F2746CF006861DF /* SQLite.framework */,
			);
			name = Products;
			sourceTree = "<group>";
		};
/* End PBXGroup section */

/* Begin PBXNativeTarget section */
		7944B6B51F167A6000C1E615 /* movies */ = {
			isa = PBXNativeTarget;
			buildConfigurationList = 7944B6C81F167A6000C1E615 /* Build configuration list for PBXNativeTarget "movies" */;
			buildPhases = (
				7944B6B21F167A6000C1E615 /* Sources */,
				7944B6B31F167A6000C1E615 /* Frameworks */,
				7944B6B41F167A6000C1E615 /* Resources */,
				7947D53F1F2746ED006861DF /* Embed Frameworks */,
			);
			buildRules = (
			);
			dependencies = (
				7947D53E1F2746EC006861DF /* PBXTargetDependency */,
			);
			name = movies;
			productName = movies;
			productReference = 7944B6B61F167A6000C1E615 /* movies.app */;
			productType = "com.apple.product-type.application";
		};
/* End PBXNativeTarget section */

/* Begin PBXProject section */
		7944B6AE1F167A6000C1E615 /* Project object */ = {
			isa = PBXProject;
			attributes = {
				LastSwiftUpdateCheck = 0820;
				LastUpgradeCheck = 0820;
				ORGANIZATIONNAME = "Thibaud Saint-Etienne";
				TargetAttributes = {
					7944B6B51F167A6000C1E615 = {
						CreatedOnToolsVersion = 8.2.1;
						DevelopmentTeam = 8E9H369236;
						ProvisioningStyle = Automatic;
					};
				};
			};
			buildConfigurationList = 7944B6B11F167A6000C1E615 /* Build configuration list for PBXProject "movies" */;
			compatibilityVersion = "Xcode 3.2";
			developmentRegion = English;
			hasScannedForEncodings = 0;
			knownRegions = (
				en,
				Base,
			);
			mainGroup = 7944B6AD1F167A6000C1E615;
			productRefGroup = 7944B6B71F167A6000C1E615 /* Products */;
			projectDirPath = "";
			projectReferences = (
				{
					ProductGroup = 7947D5201F2746CE006861DF /* Products */;
					ProjectRef = 7947D51F1F2746CE006861DF /* SQLite.xcodeproj */;
				},
			);
			projectRoot = "";
			targets = (
				7944B6B51F167A6000C1E615 /* movies */,
			);
		};
/* End PBXProject section */

/* Begin PBXReferenceProxy section */
		7947D52A1F2746CF006861DF /* SQLite.framework */ = {
			isa = PBXReferenceProxy;
			fileType = wrapper.framework;
			path = SQLite.framework;
			remoteRef = 7947D5291F2746CF006861DF /* PBXContainerItemProxy */;
			sourceTree = BUILT_PRODUCTS_DIR;
		};
		7947D52C1F2746CF006861DF /* SQLiteTests iOS.xctest */ = {
			isa = PBXReferenceProxy;
			fileType = wrapper.cfbundle;
			path = "SQLiteTests iOS.xctest";
			remoteRef = 7947D52B1F2746CF006861DF /* PBXContainerItemProxy */;
			sourceTree = BUILT_PRODUCTS_DIR;
		};
		7947D52E1F2746CF006861DF /* SQLite.framework */ = {
			isa = PBXReferenceProxy;
			fileType = wrapper.framework;
			path = SQLite.framework;
			remoteRef = 7947D52D1F2746CF006861DF /* PBXContainerItemProxy */;
			sourceTree = BUILT_PRODUCTS_DIR;
		};
		7947D5301F2746CF006861DF /* SQLiteTests Mac.xctest */ = {
			isa = PBXReferenceProxy;
			fileType = wrapper.cfbundle;
			path = "SQLiteTests Mac.xctest";
			remoteRef = 7947D52F1F2746CF006861DF /* PBXContainerItemProxy */;
			sourceTree = BUILT_PRODUCTS_DIR;
		};
		7947D5321F2746CF006861DF /* SQLite.framework */ = {
			isa = PBXReferenceProxy;
			fileType = wrapper.framework;
			path = SQLite.framework;
			remoteRef = 7947D5311F2746CF006861DF /* PBXContainerItemProxy */;
			sourceTree = BUILT_PRODUCTS_DIR;
		};
		7947D5341F2746CF006861DF /* SQLiteTests tvOS.xctest */ = {
			isa = PBXReferenceProxy;
			fileType = wrapper.cfbundle;
			path = "SQLiteTests tvOS.xctest";
			remoteRef = 7947D5331F2746CF006861DF /* PBXContainerItemProxy */;
			sourceTree = BUILT_PRODUCTS_DIR;
		};
		7947D5361F2746CF006861DF /* SQLite.framework */ = {
			isa = PBXReferenceProxy;
			fileType = wrapper.framework;
			path = SQLite.framework;
			remoteRef = 7947D5351F2746CF006861DF /* PBXContainerItemProxy */;
			sourceTree = BUILT_PRODUCTS_DIR;
		};
/* End PBXReferenceProxy section */

/* Begin PBXResourcesBuildPhase section */
		7944B6B41F167A6000C1E615 /* Resources */ = {
			isa = PBXResourcesBuildPhase;
			buildActionMask = 2147483647;
			files = (
				7944B6C41F167A6000C1E615 /* LaunchScreen.storyboard in Resources */,
				7944B6C11F167A6000C1E615 /* Assets.xcassets in Resources */,
				7944B6BF1F167A6000C1E615 /* Main.storyboard in Resources */,
			);
			runOnlyForDeploymentPostprocessing = 0;
		};
/* End PBXResourcesBuildPhase section */

/* Begin PBXSourcesBuildPhase section */
		7944B6B21F167A6000C1E615 /* Sources */ = {
			isa = PBXSourcesBuildPhase;
			buildActionMask = 2147483647;
			files = (
				7944B6BC1F167A6000C1E615 /* ViewController.swift in Sources */,
				7944B6BA1F167A6000C1E615 /* AppDelegate.swift in Sources */,
				7944B7031F167B2A00C1E615 /* DatabaseManager.swift in Sources */,
			);
			runOnlyForDeploymentPostprocessing = 0;
		};
/* End PBXSourcesBuildPhase section */

/* Begin PBXTargetDependency section */
		7947D53E1F2746EC006861DF /* PBXTargetDependency */ = {
			isa = PBXTargetDependency;
			name = "SQLite iOS";
			targetProxy = 7947D53D1F2746EC006861DF /* PBXContainerItemProxy */;
		};
/* End PBXTargetDependency section */

/* Begin PBXVariantGroup section */
		7944B6BD1F167A6000C1E615 /* Main.storyboard */ = {
			isa = PBXVariantGroup;
			children = (
				7944B6BE1F167A6000C1E615 /* Base */,
			);
			name = Main.storyboard;
			sourceTree = "<group>";
		};
		7944B6C21F167A6000C1E615 /* LaunchScreen.storyboard */ = {
			isa = PBXVariantGroup;
			children = (
				7944B6C31F167A6000C1E615 /* Base */,
			);
			name = LaunchScreen.storyboard;
			sourceTree = "<group>";
		};
/* End PBXVariantGroup section */

/* Begin XCBuildConfiguration section */
		7944B6C61F167A6000C1E615 /* Debug */ = {
			isa = XCBuildConfiguration;
			buildSettings = {
				ALWAYS_SEARCH_USER_PATHS = NO;
				CLANG_ANALYZER_NONNULL = YES;
				CLANG_CXX_LANGUAGE_STANDARD = "gnu++0x";
				CLANG_CXX_LIBRARY = "libc++";
				CLANG_ENABLE_MODULES = YES;
				CLANG_ENABLE_OBJC_ARC = YES;
				CLANG_WARN_BOOL_CONVERSION = YES;
				CLANG_WARN_CONSTANT_CONVERSION = YES;
				CLANG_WARN_DIRECT_OBJC_ISA_USAGE = YES_ERROR;
				CLANG_WARN_DOCUMENTATION_COMMENTS = YES;
				CLANG_WARN_EMPTY_BODY = YES;
				CLANG_WARN_ENUM_CONVERSION = YES;
				CLANG_WARN_INFINITE_RECURSION = YES;
				CLANG_WARN_INT_CONVERSION = YES;
				CLANG_WARN_OBJC_ROOT_CLASS = YES_ERROR;
				CLANG_WARN_SUSPICIOUS_MOVE = YES;
				CLANG_WARN_UNREACHABLE_CODE = YES;
				CLANG_WARN__DUPLICATE_METHOD_MATCH = YES;
				"CODE_SIGN_IDENTITY[sdk=iphoneos*]" = "iPhone Developer";
				COPY_PHASE_STRIP = NO;
				DEBUG_INFORMATION_FORMAT = dwarf;
				ENABLE_STRICT_OBJC_MSGSEND = YES;
				ENABLE_TESTABILITY = YES;
				GCC_C_LANGUAGE_STANDARD = gnu99;
				GCC_DYNAMIC_NO_PIC = NO;
				GCC_NO_COMMON_BLOCKS = YES;
				GCC_OPTIMIZATION_LEVEL = 0;
				GCC_PREPROCESSOR_DEFINITIONS = (
					"DEBUG=1",
					"$(inherited)",
				);
				GCC_WARN_64_TO_32_BIT_CONVERSION = YES;
				GCC_WARN_ABOUT_RETURN_TYPE = YES_ERROR;
				GCC_WARN_UNDECLARED_SELECTOR = YES;
				GCC_WARN_UNINITIALIZED_AUTOS = YES_AGGRESSIVE;
				GCC_WARN_UNUSED_FUNCTION = YES;
				GCC_WARN_UNUSED_VARIABLE = YES;
				IPHONEOS_DEPLOYMENT_TARGET = 10.2;
				MTL_ENABLE_DEBUG_INFO = YES;
				ONLY_ACTIVE_ARCH = YES;
				SDKROOT = iphoneos;
				SWIFT_ACTIVE_COMPILATION_CONDITIONS = DEBUG;
				SWIFT_OPTIMIZATION_LEVEL = "-Onone";
				TARGETED_DEVICE_FAMILY = "1,2";
			};
			name = Debug;
		};
		7944B6C71F167A6000C1E615 /* Release */ = {
			isa = XCBuildConfiguration;
			buildSettings = {
				ALWAYS_SEARCH_USER_PATHS = NO;
				CLANG_ANALYZER_NONNULL = YES;
				CLANG_CXX_LANGUAGE_STANDARD = "gnu++0x";
				CLANG_CXX_LIBRARY = "libc++";
				CLANG_ENABLE_MODULES = YES;
				CLANG_ENABLE_OBJC_ARC = YES;
				CLANG_WARN_BOOL_CONVERSION = YES;
				CLANG_WARN_CONSTANT_CONVERSION = YES;
				CLANG_WARN_DIRECT_OBJC_ISA_USAGE = YES_ERROR;
				CLANG_WARN_DOCUMENTATION_COMMENTS = YES;
				CLANG_WARN_EMPTY_BODY = YES;
				CLANG_WARN_ENUM_CONVERSION = YES;
				CLANG_WARN_INFINITE_RECURSION = YES;
				CLANG_WARN_INT_CONVERSION = YES;
				CLANG_WARN_OBJC_ROOT_CLASS = YES_ERROR;
				CLANG_WARN_SUSPICIOUS_MOVE = YES;
				CLANG_WARN_UNREACHABLE_CODE = YES;
				CLANG_WARN__DUPLICATE_METHOD_MATCH = YES;
				"CODE_SIGN_IDENTITY[sdk=iphoneos*]" = "iPhone Developer";
				COPY_PHASE_STRIP = NO;
				DEBUG_INFORMATION_FORMAT = "dwarf-with-dsym";
				ENABLE_NS_ASSERTIONS = NO;
				ENABLE_STRICT_OBJC_MSGSEND = YES;
				GCC_C_LANGUAGE_STANDARD = gnu99;
				GCC_NO_COMMON_BLOCKS = YES;
				GCC_WARN_64_TO_32_BIT_CONVERSION = YES;
				GCC_WARN_ABOUT_RETURN_TYPE = YES_ERROR;
				GCC_WARN_UNDECLARED_SELECTOR = YES;
				GCC_WARN_UNINITIALIZED_AUTOS = YES_AGGRESSIVE;
				GCC_WARN_UNUSED_FUNCTION = YES;
				GCC_WARN_UNUSED_VARIABLE = YES;
				IPHONEOS_DEPLOYMENT_TARGET = 10.2;
				MTL_ENABLE_DEBUG_INFO = NO;
				SDKROOT = iphoneos;
				SWIFT_OPTIMIZATION_LEVEL = "-Owholemodule";
				TARGETED_DEVICE_FAMILY = "1,2";
				VALIDATE_PRODUCT = YES;
			};
			name = Release;
		};
		7944B6C91F167A6000C1E615 /* Debug */ = {
			isa = XCBuildConfiguration;
			buildSettings = {
				ALWAYS_EMBED_SWIFT_STANDARD_LIBRARIES = YES;
				ASSETCATALOG_COMPILER_APPICON_NAME = AppIcon;
				DEVELOPMENT_TEAM = 8E9H369236;
				INFOPLIST_FILE = movies/Info.plist;
				IPHONEOS_DEPLOYMENT_TARGET = 9.0;
				LD_RUNPATH_SEARCH_PATHS = "$(inherited) @executable_path/Frameworks";
				PRODUCT_BUNDLE_IDENTIFIER = fr.lundimatin.team.movies;
				PRODUCT_NAME = "$(TARGET_NAME)";
				SWIFT_VERSION = 3.0;
			};
			name = Debug;
		};
		7944B6CA1F167A6000C1E615 /* Release */ = {
			isa = XCBuildConfiguration;
			buildSettings = {
				ALWAYS_EMBED_SWIFT_STANDARD_LIBRARIES = YES;
				ASSETCATALOG_COMPILER_APPICON_NAME = AppIcon;
				DEVELOPMENT_TEAM = 8E9H369236;
				INFOPLIST_FILE = movies/Info.plist;
				IPHONEOS_DEPLOYMENT_TARGET = 9.0;
				LD_RUNPATH_SEARCH_PATHS = "$(inherited) @executable_path/Frameworks";
				PRODUCT_BUNDLE_IDENTIFIER = fr.lundimatin.team.movies;
				PRODUCT_NAME = "$(TARGET_NAME)";
				SWIFT_VERSION = 3.0;
			};
			name = Release;
		};
/* End XCBuildConfiguration section */

/* Begin XCConfigurationList section */
		7944B6B11F167A6000C1E615 /* Build configuration list for PBXProject "movies" */ = {
			isa = XCConfigurationList;
			buildConfigurations = (
				7944B6C61F167A6000C1E615 /* Debug */,
				7944B6C71F167A6000C1E615 /* Release */,
			);
			defaultConfigurationIsVisible = 0;
			defaultConfigurationName = Release;
		};
		7944B6C81F167A6000C1E615 /* Build configuration list for PBXNativeTarget "movies" */ = {
			isa = XCConfigurationList;
			buildConfigurations = (
				7944B6C91F167A6000C1E615 /* Debug */,
				7944B6CA1F167A6000C1E615 /* Release */,
			);
			defaultConfigurationIsVisible = 0;
			defaultConfigurationName = Release;
		};
/* End XCConfigurationList section */
	};
	rootObject = 7944B6AE1F167A6000C1E615 /* Project object */;
}
